// !$*UTF8*$!
{
	archiveVersion = 1;
	classes = {
	};
	objectVersion = 46;
	objects = {

/* Begin PBXBuildFile section */
		47CC4A4E6FA01271784F9060 /* Pods_Availly.framework in Frameworks */ = {isa = PBXBuildFile; fileRef = 0E0978655E5AC3A95DF1C111 /* Pods_Availly.framework */; };
		FE5CFDDF1DE9103700503915 /* DJPrimaryVC+Constraints.swift in Sources */ = {isa = PBXBuildFile; fileRef = FE5CFDDE1DE9103700503915 /* DJPrimaryVC+Constraints.swift */; };
		FE5CFDE21DE9136B00503915 /* Heavitas.ttf in Resources */ = {isa = PBXBuildFile; fileRef = FE5CFDE11DE9136B00503915 /* Heavitas.ttf */; };
		FE5CFDE51DE9183200503915 /* DJSessionManager.swift in Sources */ = {isa = PBXBuildFile; fileRef = FE5CFDE41DE9183200503915 /* DJSessionManager.swift */; };
		FE6EF5151DE619C9009576C4 /* AppDelegate.swift in Sources */ = {isa = PBXBuildFile; fileRef = FE6EF5141DE619C9009576C4 /* AppDelegate.swift */; };
		FE6EF5171DE619C9009576C4 /* DJPrimaryVC.swift in Sources */ = {isa = PBXBuildFile; fileRef = FE6EF5161DE619C9009576C4 /* DJPrimaryVC.swift */; };
		FE6EF51C1DE619C9009576C4 /* Assets.xcassets in Resources */ = {isa = PBXBuildFile; fileRef = FE6EF51B1DE619C9009576C4 /* Assets.xcassets */; };
		FE6EF52C1DE61B2B009576C4 /* DJViewController.swift in Sources */ = {isa = PBXBuildFile; fileRef = FE6EF52B1DE61B2B009576C4 /* DJViewController.swift */; };
		FE6EF52F1DE61B51009576C4 /* DJProfileVC.swift in Sources */ = {isa = PBXBuildFile; fileRef = FE6EF52D1DE61B51009576C4 /* DJProfileVC.swift */; };
		FE6EF5301DE61B51009576C4 /* DJProfileVC.xib in Resources */ = {isa = PBXBuildFile; fileRef = FE6EF52E1DE61B51009576C4 /* DJProfileVC.xib */; };
		FE6EF5351DE61C50009576C4 /* DJCreateEventVC.swift in Sources */ = {isa = PBXBuildFile; fileRef = FE6EF5331DE61C50009576C4 /* DJCreateEventVC.swift */; };
		FE6EF5361DE61C50009576C4 /* DJCreateEventVC.xib in Resources */ = {isa = PBXBuildFile; fileRef = FE6EF5341DE61C50009576C4 /* DJCreateEventVC.xib */; };
		FE6EF53A1DE61C6B009576C4 /* DJSettingsVC.swift in Sources */ = {isa = PBXBuildFile; fileRef = FE6EF5381DE61C6B009576C4 /* DJSettingsVC.swift */; };
		FE6EF53B1DE61C6B009576C4 /* DJSettingsVC.xib in Resources */ = {isa = PBXBuildFile; fileRef = FE6EF5391DE61C6B009576C4 /* DJSettingsVC.xib */; };
		FE6EF53E1DE61D7A009576C4 /* DJPrimaryVC.xib in Resources */ = {isa = PBXBuildFile; fileRef = FE6EF53D1DE61D7A009576C4 /* DJPrimaryVC.xib */; };
		FE6EF5491DE61F90009576C4 /* Alamofire.framework in Frameworks */ = {isa = PBXBuildFile; fileRef = FE6EF5411DE61F90009576C4 /* Alamofire.framework */; };
		FE6EF54A1DE61F90009576C4 /* Bolts.framework in Frameworks */ = {isa = PBXBuildFile; fileRef = FE6EF5421DE61F90009576C4 /* Bolts.framework */; };
		FE6EF54B1DE61F90009576C4 /* FacebookCore.framework in Frameworks */ = {isa = PBXBuildFile; fileRef = FE6EF5431DE61F90009576C4 /* FacebookCore.framework */; };
		FE6EF54C1DE61F90009576C4 /* FacebookLogin.framework in Frameworks */ = {isa = PBXBuildFile; fileRef = FE6EF5441DE61F90009576C4 /* FacebookLogin.framework */; };
		FE6EF54D1DE61F90009576C4 /* FBSDKCoreKit.framework in Frameworks */ = {isa = PBXBuildFile; fileRef = FE6EF5451DE61F90009576C4 /* FBSDKCoreKit.framework */; };
		FE6EF54E1DE61F90009576C4 /* FBSDKLoginKit.framework in Frameworks */ = {isa = PBXBuildFile; fileRef = FE6EF5461DE61F90009576C4 /* FBSDKLoginKit.framework */; };
		FE6EF54F1DE61F90009576C4 /* Kingfisher.framework in Frameworks */ = {isa = PBXBuildFile; fileRef = FE6EF5471DE61F90009576C4 /* Kingfisher.framework */; };
		FE6EF5501DE61F90009576C4 /* SwiftyJSON.framework in Frameworks */ = {isa = PBXBuildFile; fileRef = FE6EF5481DE61F90009576C4 /* SwiftyJSON.framework */; };
		FE6EF5521DE623F9009576C4 /* DJTabBarController.swift in Sources */ = {isa = PBXBuildFile; fileRef = FE6EF5511DE623F9009576C4 /* DJTabBarController.swift */; };
		FE6EF5551DE6247E009576C4 /* DJLoginVC.swift in Sources */ = {isa = PBXBuildFile; fileRef = FE6EF5531DE6247E009576C4 /* DJLoginVC.swift */; };
		FE6EF5561DE6247E009576C4 /* DJLoginVC.xib in Resources */ = {isa = PBXBuildFile; fileRef = FE6EF5541DE6247E009576C4 /* DJLoginVC.xib */; };
		FE6EF5591DE62622009576C4 /* DJNavigationController.swift in Sources */ = {isa = PBXBuildFile; fileRef = FE6EF5581DE62622009576C4 /* DJNavigationController.swift */; };
		FE6EF5741DE632F0009576C4 /* Enums.swift in Sources */ = {isa = PBXBuildFile; fileRef = FE6EF5731DE632F0009576C4 /* Enums.swift */; };
		FE6EF5771DE63303009576C4 /* UIColor+Convenience.swift in Sources */ = {isa = PBXBuildFile; fileRef = FE6EF5761DE63303009576C4 /* UIColor+Convenience.swift */; };
		FE6EF5791DE7AFF9009576C4 /* UIColor+Design.swift in Sources */ = {isa = PBXBuildFile; fileRef = FE6EF5781DE7AFF9009576C4 /* UIColor+Design.swift */; };
		FE6EF57B1DE7B207009576C4 /* ToggleAVBControl.swift in Sources */ = {isa = PBXBuildFile; fileRef = FE6EF57A1DE7B207009576C4 /* ToggleAVBControl.swift */; };
		FE74657D1DF1F38000415EF7 /* Dispatch+Convenience.swift in Sources */ = {isa = PBXBuildFile; fileRef = FE74657C1DF1F38000415EF7 /* Dispatch+Convenience.swift */; };
		FE74657F1DF1F92A00415EF7 /* DJNetworkManager.swift in Sources */ = {isa = PBXBuildFile; fileRef = FE74657E1DF1F92A00415EF7 /* DJNetworkManager.swift */; };
		FE7465811DF20CA800415EF7 /* Convenience.swift in Sources */ = {isa = PBXBuildFile; fileRef = FE7465801DF20CA800415EF7 /* Convenience.swift */; };
		FE7465831DF21E9B00415EF7 /* DJPrimaryVCDataSource.swift in Sources */ = {isa = PBXBuildFile; fileRef = FE7465821DF21E9B00415EF7 /* DJPrimaryVCDataSource.swift */; };
		FE7465881DF2207100415EF7 /* UserHeadshotCell.swift in Sources */ = {isa = PBXBuildFile; fileRef = FE7465861DF2207100415EF7 /* UserHeadshotCell.swift */; };
		FE7465891DF2207100415EF7 /* UserHeadshotCell.xib in Resources */ = {isa = PBXBuildFile; fileRef = FE7465871DF2207100415EF7 /* UserHeadshotCell.xib */; };
		FE74658C1DF2220C00415EF7 /* DJUser.swift in Sources */ = {isa = PBXBuildFile; fileRef = FE74658B1DF2220C00415EF7 /* DJUser.swift */; };
		FEC9D3F51DEE8DF500DE97DC /* Protocols.swift in Sources */ = {isa = PBXBuildFile; fileRef = FEC9D3F41DEE8DF500DE97DC /* Protocols.swift */; };
/* End PBXBuildFile section */

/* Begin PBXFileReference section */
		0E0978655E5AC3A95DF1C111 /* Pods_Availly.framework */ = {isa = PBXFileReference; explicitFileType = wrapper.framework; includeInIndex = 0; path = Pods_Availly.framework; sourceTree = BUILT_PRODUCTS_DIR; };
		333F032581BEB37AC22D3077 /* Pods-Availly.release.xcconfig */ = {isa = PBXFileReference; includeInIndex = 1; lastKnownFileType = text.xcconfig; name = "Pods-Availly.release.xcconfig"; path = "Pods/Target Support Files/Pods-Availly/Pods-Availly.release.xcconfig"; sourceTree = "<group>"; };
		7130C3F48CF0AE48DCE51AF9 /* Pods-Availly.debug.xcconfig */ = {isa = PBXFileReference; includeInIndex = 1; lastKnownFileType = text.xcconfig; name = "Pods-Availly.debug.xcconfig"; path = "Pods/Target Support Files/Pods-Availly/Pods-Availly.debug.xcconfig"; sourceTree = "<group>"; };
		FE5CFDDE1DE9103700503915 /* DJPrimaryVC+Constraints.swift */ = {isa = PBXFileReference; fileEncoding = 4; lastKnownFileType = sourcecode.swift; path = "DJPrimaryVC+Constraints.swift"; sourceTree = "<group>"; };
		FE5CFDE11DE9136B00503915 /* Heavitas.ttf */ = {isa = PBXFileReference; lastKnownFileType = file; path = Heavitas.ttf; sourceTree = "<group>"; };
		FE5CFDE41DE9183200503915 /* DJSessionManager.swift */ = {isa = PBXFileReference; fileEncoding = 4; lastKnownFileType = sourcecode.swift; path = DJSessionManager.swift; sourceTree = "<group>"; };
		FE6EF5111DE619C9009576C4 /* Availly-dev.app */ = {isa = PBXFileReference; explicitFileType = wrapper.application; includeInIndex = 0; path = "Availly-dev.app"; sourceTree = BUILT_PRODUCTS_DIR; };
		FE6EF5141DE619C9009576C4 /* AppDelegate.swift */ = {isa = PBXFileReference; lastKnownFileType = sourcecode.swift; path = AppDelegate.swift; sourceTree = "<group>"; };
		FE6EF5161DE619C9009576C4 /* DJPrimaryVC.swift */ = {isa = PBXFileReference; lastKnownFileType = sourcecode.swift; path = DJPrimaryVC.swift; sourceTree = "<group>"; };
		FE6EF51B1DE619C9009576C4 /* Assets.xcassets */ = {isa = PBXFileReference; lastKnownFileType = folder.assetcatalog; path = Assets.xcassets; sourceTree = "<group>"; };
		FE6EF5201DE619C9009576C4 /* Info.plist */ = {isa = PBXFileReference; lastKnownFileType = text.plist.xml; path = Info.plist; sourceTree = "<group>"; };
		FE6EF52B1DE61B2B009576C4 /* DJViewController.swift */ = {isa = PBXFileReference; fileEncoding = 4; lastKnownFileType = sourcecode.swift; path = DJViewController.swift; sourceTree = "<group>"; };
		FE6EF52D1DE61B51009576C4 /* DJProfileVC.swift */ = {isa = PBXFileReference; fileEncoding = 4; lastKnownFileType = sourcecode.swift; path = DJProfileVC.swift; sourceTree = "<group>"; };
		FE6EF52E1DE61B51009576C4 /* DJProfileVC.xib */ = {isa = PBXFileReference; fileEncoding = 4; lastKnownFileType = file.xib; path = DJProfileVC.xib; sourceTree = "<group>"; };
		FE6EF5331DE61C50009576C4 /* DJCreateEventVC.swift */ = {isa = PBXFileReference; fileEncoding = 4; lastKnownFileType = sourcecode.swift; path = DJCreateEventVC.swift; sourceTree = "<group>"; };
		FE6EF5341DE61C50009576C4 /* DJCreateEventVC.xib */ = {isa = PBXFileReference; fileEncoding = 4; lastKnownFileType = file.xib; path = DJCreateEventVC.xib; sourceTree = "<group>"; };
		FE6EF5381DE61C6B009576C4 /* DJSettingsVC.swift */ = {isa = PBXFileReference; fileEncoding = 4; lastKnownFileType = sourcecode.swift; path = DJSettingsVC.swift; sourceTree = "<group>"; };
		FE6EF5391DE61C6B009576C4 /* DJSettingsVC.xib */ = {isa = PBXFileReference; fileEncoding = 4; lastKnownFileType = file.xib; path = DJSettingsVC.xib; sourceTree = "<group>"; };
		FE6EF53D1DE61D7A009576C4 /* DJPrimaryVC.xib */ = {isa = PBXFileReference; fileEncoding = 4; lastKnownFileType = file.xib; path = DJPrimaryVC.xib; sourceTree = "<group>"; };
		FE6EF5411DE61F90009576C4 /* Alamofire.framework */ = {isa = PBXFileReference; lastKnownFileType = wrapper.framework; name = Alamofire.framework; path = "../../../../../Library/Developer/Xcode/DerivedData/Availly-gcrtqaqvsolssgdftnejpphydzgq/Build/Products/Debug-iphonesimulator/Alamofire/Alamofire.framework"; sourceTree = "<group>"; };
		FE6EF5421DE61F90009576C4 /* Bolts.framework */ = {isa = PBXFileReference; lastKnownFileType = wrapper.framework; name = Bolts.framework; path = "Pods/../build/Debug-iphoneos/Bolts/Bolts.framework"; sourceTree = "<group>"; };
		FE6EF5431DE61F90009576C4 /* FacebookCore.framework */ = {isa = PBXFileReference; lastKnownFileType = wrapper.framework; name = FacebookCore.framework; path = "../../../../../Library/Developer/Xcode/DerivedData/Availly-gcrtqaqvsolssgdftnejpphydzgq/Build/Products/Debug-iphonesimulator/FacebookCore/FacebookCore.framework"; sourceTree = "<group>"; };
		FE6EF5441DE61F90009576C4 /* FacebookLogin.framework */ = {isa = PBXFileReference; lastKnownFileType = wrapper.framework; name = FacebookLogin.framework; path = "../../../../../Library/Developer/Xcode/DerivedData/Availly-gcrtqaqvsolssgdftnejpphydzgq/Build/Products/Debug-iphonesimulator/FacebookLogin/FacebookLogin.framework"; sourceTree = "<group>"; };
		FE6EF5451DE61F90009576C4 /* FBSDKCoreKit.framework */ = {isa = PBXFileReference; lastKnownFileType = wrapper.framework; name = FBSDKCoreKit.framework; path = "Pods/../build/Debug-iphoneos/FBSDKCoreKit/FBSDKCoreKit.framework"; sourceTree = "<group>"; };
		FE6EF5461DE61F90009576C4 /* FBSDKLoginKit.framework */ = {isa = PBXFileReference; lastKnownFileType = wrapper.framework; name = FBSDKLoginKit.framework; path = "Pods/../build/Debug-iphoneos/FBSDKLoginKit/FBSDKLoginKit.framework"; sourceTree = "<group>"; };
		FE6EF5471DE61F90009576C4 /* Kingfisher.framework */ = {isa = PBXFileReference; lastKnownFileType = wrapper.framework; name = Kingfisher.framework; path = "../../../../../Library/Developer/Xcode/DerivedData/Availly-gcrtqaqvsolssgdftnejpphydzgq/Build/Products/Debug-iphonesimulator/Kingfisher/Kingfisher.framework"; sourceTree = "<group>"; };
		FE6EF5481DE61F90009576C4 /* SwiftyJSON.framework */ = {isa = PBXFileReference; lastKnownFileType = wrapper.framework; name = SwiftyJSON.framework; path = "../../../../../Library/Developer/Xcode/DerivedData/Availly-gcrtqaqvsolssgdftnejpphydzgq/Build/Products/Debug-iphonesimulator/SwiftyJSON/SwiftyJSON.framework"; sourceTree = "<group>"; };
		FE6EF5511DE623F9009576C4 /* DJTabBarController.swift */ = {isa = PBXFileReference; fileEncoding = 4; lastKnownFileType = sourcecode.swift; path = DJTabBarController.swift; sourceTree = "<group>"; };
		FE6EF5531DE6247E009576C4 /* DJLoginVC.swift */ = {isa = PBXFileReference; fileEncoding = 4; lastKnownFileType = sourcecode.swift; path = DJLoginVC.swift; sourceTree = "<group>"; };
		FE6EF5541DE6247E009576C4 /* DJLoginVC.xib */ = {isa = PBXFileReference; fileEncoding = 4; lastKnownFileType = file.xib; path = DJLoginVC.xib; sourceTree = "<group>"; };
		FE6EF5581DE62622009576C4 /* DJNavigationController.swift */ = {isa = PBXFileReference; fileEncoding = 4; lastKnownFileType = sourcecode.swift; path = DJNavigationController.swift; sourceTree = "<group>"; };
		FE6EF5731DE632F0009576C4 /* Enums.swift */ = {isa = PBXFileReference; fileEncoding = 4; lastKnownFileType = sourcecode.swift; path = Enums.swift; sourceTree = "<group>"; };
		FE6EF5761DE63303009576C4 /* UIColor+Convenience.swift */ = {isa = PBXFileReference; fileEncoding = 4; lastKnownFileType = sourcecode.swift; path = "UIColor+Convenience.swift"; sourceTree = "<group>"; };
		FE6EF5781DE7AFF9009576C4 /* UIColor+Design.swift */ = {isa = PBXFileReference; fileEncoding = 4; lastKnownFileType = sourcecode.swift; path = "UIColor+Design.swift"; sourceTree = "<group>"; };
		FE6EF57A1DE7B207009576C4 /* ToggleAVBControl.swift */ = {isa = PBXFileReference; fileEncoding = 4; lastKnownFileType = sourcecode.swift; path = ToggleAVBControl.swift; sourceTree = "<group>"; };
		FE74657C1DF1F38000415EF7 /* Dispatch+Convenience.swift */ = {isa = PBXFileReference; fileEncoding = 4; lastKnownFileType = sourcecode.swift; path = "Dispatch+Convenience.swift"; sourceTree = "<group>"; };
		FE74657E1DF1F92A00415EF7 /* DJNetworkManager.swift */ = {isa = PBXFileReference; fileEncoding = 4; lastKnownFileType = sourcecode.swift; path = DJNetworkManager.swift; sourceTree = "<group>"; };
		FE7465801DF20CA800415EF7 /* Convenience.swift */ = {isa = PBXFileReference; fileEncoding = 4; lastKnownFileType = sourcecode.swift; path = Convenience.swift; sourceTree = "<group>"; };
		FE7465821DF21E9B00415EF7 /* DJPrimaryVCDataSource.swift */ = {isa = PBXFileReference; fileEncoding = 4; lastKnownFileType = sourcecode.swift; path = DJPrimaryVCDataSource.swift; sourceTree = "<group>"; };
		FE7465861DF2207100415EF7 /* UserHeadshotCell.swift */ = {isa = PBXFileReference; fileEncoding = 4; lastKnownFileType = sourcecode.swift; path = UserHeadshotCell.swift; sourceTree = "<group>"; };
		FE7465871DF2207100415EF7 /* UserHeadshotCell.xib */ = {isa = PBXFileReference; fileEncoding = 4; lastKnownFileType = file.xib; path = UserHeadshotCell.xib; sourceTree = "<group>"; };
		FE74658B1DF2220C00415EF7 /* DJUser.swift */ = {isa = PBXFileReference; fileEncoding = 4; lastKnownFileType = sourcecode.swift; path = DJUser.swift; sourceTree = "<group>"; };
		FEC9D3F41DEE8DF500DE97DC /* Protocols.swift */ = {isa = PBXFileReference; fileEncoding = 4; lastKnownFileType = sourcecode.swift; path = Protocols.swift; sourceTree = "<group>"; };
/* End PBXFileReference section */

/* Begin PBXFrameworksBuildPhase section */
		FE6EF50E1DE619C9009576C4 /* Frameworks */ = {
			isa = PBXFrameworksBuildPhase;
			buildActionMask = 2147483647;
			files = (
				FE6EF5491DE61F90009576C4 /* Alamofire.framework in Frameworks */,
				FE6EF54A1DE61F90009576C4 /* Bolts.framework in Frameworks */,
				FE6EF54B1DE61F90009576C4 /* FacebookCore.framework in Frameworks */,
				FE6EF54C1DE61F90009576C4 /* FacebookLogin.framework in Frameworks */,
				FE6EF54D1DE61F90009576C4 /* FBSDKCoreKit.framework in Frameworks */,
				FE6EF54E1DE61F90009576C4 /* FBSDKLoginKit.framework in Frameworks */,
				FE6EF54F1DE61F90009576C4 /* Kingfisher.framework in Frameworks */,
				FE6EF5501DE61F90009576C4 /* SwiftyJSON.framework in Frameworks */,
				47CC4A4E6FA01271784F9060 /* Pods_Availly.framework in Frameworks */,
			);
			runOnlyForDeploymentPostprocessing = 0;
		};
/* End PBXFrameworksBuildPhase section */

/* Begin PBXGroup section */
		30D6F5FE08AF513AA4C38310 /* Frameworks */ = {
			isa = PBXGroup;
			children = (
				FE6EF5411DE61F90009576C4 /* Alamofire.framework */,
				FE6EF5421DE61F90009576C4 /* Bolts.framework */,
				FE6EF5431DE61F90009576C4 /* FacebookCore.framework */,
				FE6EF5441DE61F90009576C4 /* FacebookLogin.framework */,
				FE6EF5451DE61F90009576C4 /* FBSDKCoreKit.framework */,
				FE6EF5461DE61F90009576C4 /* FBSDKLoginKit.framework */,
				FE6EF5471DE61F90009576C4 /* Kingfisher.framework */,
				FE6EF5481DE61F90009576C4 /* SwiftyJSON.framework */,
				0E0978655E5AC3A95DF1C111 /* Pods_Availly.framework */,
			);
			name = Frameworks;
			sourceTree = "<group>";
		};
		5102FD2C309F64761B8AB396 /* Pods */ = {
			isa = PBXGroup;
			children = (
				7130C3F48CF0AE48DCE51AF9 /* Pods-Availly.debug.xcconfig */,
				333F032581BEB37AC22D3077 /* Pods-Availly.release.xcconfig */,
			);
			name = Pods;
			sourceTree = "<group>";
		};
		FE5CFDE01DE9135C00503915 /* Fonts */ = {
			isa = PBXGroup;
			children = (
				FE5CFDE11DE9136B00503915 /* Heavitas.ttf */,
			);
			name = Fonts;
			sourceTree = "<group>";
		};
		FE5CFDE31DE9182800503915 /* Managers */ = {
			isa = PBXGroup;
			children = (
				FE5CFDE41DE9183200503915 /* DJSessionManager.swift */,
				FE74657E1DF1F92A00415EF7 /* DJNetworkManager.swift */,
			);
			name = Managers;
			sourceTree = "<group>";
		};
		FE6EF5081DE619C9009576C4 = {
			isa = PBXGroup;
			children = (
				FE6EF5131DE619C9009576C4 /* Availly */,
				FE6EF5121DE619C9009576C4 /* Products */,
				5102FD2C309F64761B8AB396 /* Pods */,
				30D6F5FE08AF513AA4C38310 /* Frameworks */,
			);
			sourceTree = "<group>";
		};
		FE6EF5121DE619C9009576C4 /* Products */ = {
			isa = PBXGroup;
			children = (
				FE6EF5111DE619C9009576C4 /* Availly-dev.app */,
			);
			name = Products;
			sourceTree = "<group>";
		};
		FE6EF5131DE619C9009576C4 /* Availly */ = {
			isa = PBXGroup;
			children = (
				FE5CFDE31DE9182800503915 /* Managers */,
				FE6EF5701DE6304F009576C4 /* Extensions */,
				FE6EF5291DE61A0E009576C4 /* Models */,
				FE6EF52A1DE61A13009576C4 /* Supporting Files */,
				FE6EF5261DE619EF009576C4 /* View Controllers */,
				FE6EF5271DE619F5009576C4 /* Views */,
			);
			path = Availly;
			sourceTree = "<group>";
		};
		FE6EF5261DE619EF009576C4 /* View Controllers */ = {
			isa = PBXGroup;
			children = (
				FE6EF5321DE61B5C009576C4 /* Primary */,
				FE6EF5311DE61B57009576C4 /* Profile */,
				FE6EF5371DE61C55009576C4 /* Create */,
				FE6EF53C1DE61C6F009576C4 /* Settings */,
				FE6EF5571DE62482009576C4 /* Login */,
			);
			name = "View Controllers";
			sourceTree = "<group>";
		};
		FE6EF5271DE619F5009576C4 /* Views */ = {
			isa = PBXGroup;
			children = (
				FE7465851DF21FFA00415EF7 /* Cells */,
				FE6EF57A1DE7B207009576C4 /* ToggleAVBControl.swift */,
			);
			name = Views;
			sourceTree = "<group>";
		};
		FE6EF5291DE61A0E009576C4 /* Models */ = {
			isa = PBXGroup;
			children = (
				FE6EF52B1DE61B2B009576C4 /* DJViewController.swift */,
				FE6EF5511DE623F9009576C4 /* DJTabBarController.swift */,
				FE6EF5581DE62622009576C4 /* DJNavigationController.swift */,
				FE74658B1DF2220C00415EF7 /* DJUser.swift */,
			);
			name = Models;
			sourceTree = "<group>";
		};
		FE6EF52A1DE61A13009576C4 /* Supporting Files */ = {
			isa = PBXGroup;
			children = (
				FE5CFDE01DE9135C00503915 /* Fonts */,
				FE6EF51B1DE619C9009576C4 /* Assets.xcassets */,
				FE6EF5201DE619C9009576C4 /* Info.plist */,
				FE6EF5141DE619C9009576C4 /* AppDelegate.swift */,
				FE6EF5731DE632F0009576C4 /* Enums.swift */,
				FEC9D3F41DEE8DF500DE97DC /* Protocols.swift */,
			);
			name = "Supporting Files";
			sourceTree = "<group>";
		};
		FE6EF5311DE61B57009576C4 /* Profile */ = {
			isa = PBXGroup;
			children = (
				FE6EF52D1DE61B51009576C4 /* DJProfileVC.swift */,
				FE6EF52E1DE61B51009576C4 /* DJProfileVC.xib */,
			);
			name = Profile;
			sourceTree = "<group>";
		};
		FE6EF5321DE61B5C009576C4 /* Primary */ = {
			isa = PBXGroup;
			children = (
				FE6EF5161DE619C9009576C4 /* DJPrimaryVC.swift */,
				FE5CFDDE1DE9103700503915 /* DJPrimaryVC+Constraints.swift */,
				FE6EF53D1DE61D7A009576C4 /* DJPrimaryVC.xib */,
				FE7465821DF21E9B00415EF7 /* DJPrimaryVCDataSource.swift */,
			);
			name = Primary;
			sourceTree = "<group>";
		};
		FE6EF5371DE61C55009576C4 /* Create */ = {
			isa = PBXGroup;
			children = (
				FE6EF5331DE61C50009576C4 /* DJCreateEventVC.swift */,
				FE6EF5341DE61C50009576C4 /* DJCreateEventVC.xib */,
			);
			name = Create;
			sourceTree = "<group>";
		};
		FE6EF53C1DE61C6F009576C4 /* Settings */ = {
			isa = PBXGroup;
			children = (
				FE6EF5381DE61C6B009576C4 /* DJSettingsVC.swift */,
				FE6EF5391DE61C6B009576C4 /* DJSettingsVC.xib */,
			);
			name = Settings;
			sourceTree = "<group>";
		};
		FE6EF5571DE62482009576C4 /* Login */ = {
			isa = PBXGroup;
			children = (
				FE6EF5531DE6247E009576C4 /* DJLoginVC.swift */,
				FE6EF5541DE6247E009576C4 /* DJLoginVC.xib */,
			);
			name = Login;
			sourceTree = "<group>";
		};
		FE6EF5701DE6304F009576C4 /* Extensions */ = {
			isa = PBXGroup;
			children = (
				FE6EF5761DE63303009576C4 /* UIColor+Convenience.swift */,
				FE6EF5781DE7AFF9009576C4 /* UIColor+Design.swift */,
				FE74657C1DF1F38000415EF7 /* Dispatch+Convenience.swift */,
				FE7465801DF20CA800415EF7 /* Convenience.swift */,
			);
			name = Extensions;
			sourceTree = "<group>";
		};
		FE7465851DF21FFA00415EF7 /* Cells */ = {
			isa = PBXGroup;
			children = (
				FE74658A1DF2207600415EF7 /* UserHeadshot */,
			);
			name = Cells;
			sourceTree = "<group>";
		};
		FE74658A1DF2207600415EF7 /* UserHeadshot */ = {
			isa = PBXGroup;
			children = (
				FE7465861DF2207100415EF7 /* UserHeadshotCell.swift */,
				FE7465871DF2207100415EF7 /* UserHeadshotCell.xib */,
			);
			name = UserHeadshot;
			sourceTree = "<group>";
		};
/* End PBXGroup section */

/* Begin PBXNativeTarget section */
		FE6EF5101DE619C9009576C4 /* Availly-dev */ = {
			isa = PBXNativeTarget;
			buildConfigurationList = FE6EF5231DE619C9009576C4 /* Build configuration list for PBXNativeTarget "Availly-dev" */;
			buildPhases = (
				82837EFEF7E3F8ADDCAB2C8A /* [CP] Check Pods Manifest.lock */,
				FE6EF50D1DE619C9009576C4 /* Sources */,
				FE6EF50E1DE619C9009576C4 /* Frameworks */,
				FE6EF50F1DE619C9009576C4 /* Resources */,
				F177EFFB9726DC60946B330D /* [CP] Embed Pods Frameworks */,
				CA1C5322EC01E2AD97DDC715 /* [CP] Copy Pods Resources */,
			);
			buildRules = (
			);
			dependencies = (
			);
			name = "Availly-dev";
			productName = Availly;
			productReference = FE6EF5111DE619C9009576C4 /* Availly-dev.app */;
			productType = "com.apple.product-type.application";
		};
/* End PBXNativeTarget section */

/* Begin PBXProject section */
		FE6EF5091DE619C9009576C4 /* Project object */ = {
			isa = PBXProject;
			attributes = {
				LastSwiftUpdateCheck = 0810;
				LastUpgradeCheck = 0810;
				ORGANIZATIONNAME = "Jaden Nation";
				TargetAttributes = {
					FE6EF5101DE619C9009576C4 = {
						CreatedOnToolsVersion = 8.1;
						DevelopmentTeam = 4XGWNN4LS9;
						ProvisioningStyle = Automatic;
					};
				};
			};
			buildConfigurationList = FE6EF50C1DE619C9009576C4 /* Build configuration list for PBXProject "Availly" */;
			compatibilityVersion = "Xcode 3.2";
			developmentRegion = English;
			hasScannedForEncodings = 0;
			knownRegions = (
				en,
				Base,
			);
			mainGroup = FE6EF5081DE619C9009576C4;
			productRefGroup = FE6EF5121DE619C9009576C4 /* Products */;
			projectDirPath = "";
			projectRoot = "";
			targets = (
				FE6EF5101DE619C9009576C4 /* Availly-dev */,
			);
		};
/* End PBXProject section */

/* Begin PBXResourcesBuildPhase section */
		FE6EF50F1DE619C9009576C4 /* Resources */ = {
			isa = PBXResourcesBuildPhase;
			buildActionMask = 2147483647;
			files = (
				FE5CFDE21DE9136B00503915 /* Heavitas.ttf in Resources */,
				FE6EF5301DE61B51009576C4 /* DJProfileVC.xib in Resources */,
				FE6EF5361DE61C50009576C4 /* DJCreateEventVC.xib in Resources */,
				FE6EF51C1DE619C9009576C4 /* Assets.xcassets in Resources */,
				FE7465891DF2207100415EF7 /* UserHeadshotCell.xib in Resources */,
				FE6EF53E1DE61D7A009576C4 /* DJPrimaryVC.xib in Resources */,
				FE6EF53B1DE61C6B009576C4 /* DJSettingsVC.xib in Resources */,
				FE6EF5561DE6247E009576C4 /* DJLoginVC.xib in Resources */,
			);
			runOnlyForDeploymentPostprocessing = 0;
		};
/* End PBXResourcesBuildPhase section */

/* Begin PBXShellScriptBuildPhase section */
		82837EFEF7E3F8ADDCAB2C8A /* [CP] Check Pods Manifest.lock */ = {
			isa = PBXShellScriptBuildPhase;
			buildActionMask = 2147483647;
			files = (
			);
			inputPaths = (
			);
			name = "[CP] Check Pods Manifest.lock";
			outputPaths = (
			);
			runOnlyForDeploymentPostprocessing = 0;
			shellPath = /bin/sh;
			shellScript = "diff \"${PODS_ROOT}/../Podfile.lock\" \"${PODS_ROOT}/Manifest.lock\" > /dev/null\nif [ $? != 0 ] ; then\n    # print error to STDERR\n    echo \"error: The sandbox is not in sync with the Podfile.lock. Run 'pod install' or update your CocoaPods installation.\" >&2\n    exit 1\nfi\n";
			showEnvVarsInLog = 0;
		};
		CA1C5322EC01E2AD97DDC715 /* [CP] Copy Pods Resources */ = {
			isa = PBXShellScriptBuildPhase;
			buildActionMask = 2147483647;
			files = (
			);
			inputPaths = (
			);
			name = "[CP] Copy Pods Resources";
			outputPaths = (
			);
			runOnlyForDeploymentPostprocessing = 0;
			shellPath = /bin/sh;
			shellScript = "\"${SRCROOT}/Pods/Target Support Files/Pods-Availly/Pods-Availly-resources.sh\"\n";
			showEnvVarsInLog = 0;
		};
		F177EFFB9726DC60946B330D /* [CP] Embed Pods Frameworks */ = {
			isa = PBXShellScriptBuildPhase;
			buildActionMask = 2147483647;
			files = (
			);
			inputPaths = (
			);
			name = "[CP] Embed Pods Frameworks";
			outputPaths = (
			);
			runOnlyForDeploymentPostprocessing = 0;
			shellPath = /bin/sh;
			shellScript = "\"${SRCROOT}/Pods/Target Support Files/Pods-Availly/Pods-Availly-frameworks.sh\"\n";
			showEnvVarsInLog = 0;
		};
/* End PBXShellScriptBuildPhase section */

/* Begin PBXSourcesBuildPhase section */
		FE6EF50D1DE619C9009576C4 /* Sources */ = {
			isa = PBXSourcesBuildPhase;
			buildActionMask = 2147483647;
			files = (
				FE6EF52F1DE61B51009576C4 /* DJProfileVC.swift in Sources */,
				FE6EF5791DE7AFF9009576C4 /* UIColor+Design.swift in Sources */,
				FE5CFDDF1DE9103700503915 /* DJPrimaryVC+Constraints.swift in Sources */,
				FE6EF5521DE623F9009576C4 /* DJTabBarController.swift in Sources */,
				FE6EF53A1DE61C6B009576C4 /* DJSettingsVC.swift in Sources */,
				FE6EF52C1DE61B2B009576C4 /* DJViewController.swift in Sources */,
				FE7465881DF2207100415EF7 /* UserHeadshotCell.swift in Sources */,
				FE74657F1DF1F92A00415EF7 /* DJNetworkManager.swift in Sources */,
				FE7465811DF20CA800415EF7 /* Convenience.swift in Sources */,
				FE7465831DF21E9B00415EF7 /* DJPrimaryVCDataSource.swift in Sources */,
				FE74658C1DF2220C00415EF7 /* DJUser.swift in Sources */,
				FE6EF5771DE63303009576C4 /* UIColor+Convenience.swift in Sources */,
				FE6EF5351DE61C50009576C4 /* DJCreateEventVC.swift in Sources */,
				FE6EF5171DE619C9009576C4 /* DJPrimaryVC.swift in Sources */,
				FE6EF5151DE619C9009576C4 /* AppDelegate.swift in Sources */,
				FE6EF5591DE62622009576C4 /* DJNavigationController.swift in Sources */,
				FE5CFDE51DE9183200503915 /* DJSessionManager.swift in Sources */,
				FE6EF5741DE632F0009576C4 /* Enums.swift in Sources */,
				FE6EF57B1DE7B207009576C4 /* ToggleAVBControl.swift in Sources */,
				FE6EF5551DE6247E009576C4 /* DJLoginVC.swift in Sources */,
				FE74657D1DF1F38000415EF7 /* Dispatch+Convenience.swift in Sources */,
				FEC9D3F51DEE8DF500DE97DC /* Protocols.swift in Sources */,
			);
			runOnlyForDeploymentPostprocessing = 0;
		};
/* End PBXSourcesBuildPhase section */

/* Begin XCBuildConfiguration section */
		FE6EF5211DE619C9009576C4 /* Debug */ = {
			isa = XCBuildConfiguration;
			buildSettings = {
				ALWAYS_SEARCH_USER_PATHS = NO;
				CLANG_ANALYZER_NONNULL = YES;
				CLANG_CXX_LANGUAGE_STANDARD = "gnu++0x";
				CLANG_CXX_LIBRARY = "libc++";
				CLANG_ENABLE_MODULES = YES;
				CLANG_ENABLE_OBJC_ARC = YES;
				CLANG_WARN_BOOL_CONVERSION = YES;
				CLANG_WARN_CONSTANT_CONVERSION = YES;
				CLANG_WARN_DIRECT_OBJC_ISA_USAGE = YES_ERROR;
				CLANG_WARN_DOCUMENTATION_COMMENTS = YES;
				CLANG_WARN_EMPTY_BODY = YES;
				CLANG_WARN_ENUM_CONVERSION = YES;
				CLANG_WARN_INFINITE_RECURSION = YES;
				CLANG_WARN_INT_CONVERSION = YES;
				CLANG_WARN_OBJC_ROOT_CLASS = YES_ERROR;
				CLANG_WARN_SUSPICIOUS_MOVES = YES;
				CLANG_WARN_UNREACHABLE_CODE = YES;
				CLANG_WARN__DUPLICATE_METHOD_MATCH = YES;
				"CODE_SIGN_IDENTITY[sdk=iphoneos*]" = "iPhone Developer";
				COPY_PHASE_STRIP = NO;
				DEBUG_INFORMATION_FORMAT = dwarf;
				ENABLE_STRICT_OBJC_MSGSEND = YES;
				ENABLE_TESTABILITY = YES;
				GCC_C_LANGUAGE_STANDARD = gnu99;
				GCC_DYNAMIC_NO_PIC = NO;
				GCC_NO_COMMON_BLOCKS = YES;
				GCC_OPTIMIZATION_LEVEL = 0;
				GCC_PREPROCESSOR_DEFINITIONS = (
					"DEBUG=1",
					"$(inherited)",
				);
				GCC_WARN_64_TO_32_BIT_CONVERSION = YES;
				GCC_WARN_ABOUT_RETURN_TYPE = YES_ERROR;
				GCC_WARN_UNDECLARED_SELECTOR = YES;
				GCC_WARN_UNINITIALIZED_AUTOS = YES_AGGRESSIVE;
				GCC_WARN_UNUSED_FUNCTION = YES;
				GCC_WARN_UNUSED_VARIABLE = YES;
				IPHONEOS_DEPLOYMENT_TARGET = 10.1;
				MTL_ENABLE_DEBUG_INFO = YES;
				ONLY_ACTIVE_ARCH = YES;
				SDKROOT = iphoneos;
				SWIFT_ACTIVE_COMPILATION_CONDITIONS = DEBUG;
				SWIFT_OPTIMIZATION_LEVEL = "-Onone";
			};
			name = Debug;
		};
		FE6EF5221DE619C9009576C4 /* Release */ = {
			isa = XCBuildConfiguration;
			buildSettings = {
				ALWAYS_SEARCH_USER_PATHS = NO;
				CLANG_ANALYZER_NONNULL = YES;
				CLANG_CXX_LANGUAGE_STANDARD = "gnu++0x";
				CLANG_CXX_LIBRARY = "libc++";
				CLANG_ENABLE_MODULES = YES;
				CLANG_ENABLE_OBJC_ARC = YES;
				CLANG_WARN_BOOL_CONVERSION = YES;
				CLANG_WARN_CONSTANT_CONVERSION = YES;
				CLANG_WARN_DIRECT_OBJC_ISA_USAGE = YES_ERROR;
				CLANG_WARN_DOCUMENTATION_COMMENTS = YES;
				CLANG_WARN_EMPTY_BODY = YES;
				CLANG_WARN_ENUM_CONVERSION = YES;
				CLANG_WARN_INFINITE_RECURSION = YES;
				CLANG_WARN_INT_CONVERSION = YES;
				CLANG_WARN_OBJC_ROOT_CLASS = YES_ERROR;
				CLANG_WARN_SUSPICIOUS_MOVES = YES;
				CLANG_WARN_UNREACHABLE_CODE = YES;
				CLANG_WARN__DUPLICATE_METHOD_MATCH = YES;
				"CODE_SIGN_IDENTITY[sdk=iphoneos*]" = "iPhone Developer";
				COPY_PHASE_STRIP = NO;
				DEBUG_INFORMATION_FORMAT = "dwarf-with-dsym";
				ENABLE_NS_ASSERTIONS = NO;
				ENABLE_STRICT_OBJC_MSGSEND = YES;
				GCC_C_LANGUAGE_STANDARD = gnu99;
				GCC_NO_COMMON_BLOCKS = YES;
				GCC_WARN_64_TO_32_BIT_CONVERSION = YES;
				GCC_WARN_ABOUT_RETURN_TYPE = YES_ERROR;
				GCC_WARN_UNDECLARED_SELECTOR = YES;
				GCC_WARN_UNINITIALIZED_AUTOS = YES_AGGRESSIVE;
				GCC_WARN_UNUSED_FUNCTION = YES;
				GCC_WARN_UNUSED_VARIABLE = YES;
				IPHONEOS_DEPLOYMENT_TARGET = 10.1;
				MTL_ENABLE_DEBUG_INFO = NO;
				SDKROOT = iphoneos;
				SWIFT_OPTIMIZATION_LEVEL = "-Owholemodule";
				VALIDATE_PRODUCT = YES;
			};
			name = Release;
		};
		FE6EF5241DE619C9009576C4 /* Debug */ = {
			isa = XCBuildConfiguration;
			baseConfigurationReference = 7130C3F48CF0AE48DCE51AF9 /* Pods-Availly.debug.xcconfig */;
			buildSettings = {
				ASSETCATALOG_COMPILER_APPICON_NAME = AppIcon;
				DEVELOPMENT_TEAM = 4XGWNN4LS9;
				FRAMEWORK_SEARCH_PATHS = (
					"$(inherited)",
					"$(PROJECT_DIR)/build/Debug-iphoneos/Bolts",
					"$(PROJECT_DIR)/build/Debug-iphoneos/FBSDKCoreKit",
					"$(PROJECT_DIR)/build/Debug-iphoneos/FBSDKLoginKit",
				);
				INFOPLIST_FILE = Availly/Info.plist;
				LD_RUNPATH_SEARCH_PATHS = "$(inherited) @executable_path/Frameworks";
				PRODUCT_BUNDLE_IDENTIFIER = com.DesignerJeans.Availly.dev;
				PRODUCT_NAME = "$(TARGET_NAME)";
				SWIFT_VERSION = 3.0;
			};
			name = Debug;
		};
		FE6EF5251DE619C9009576C4 /* Release */ = {
			isa = XCBuildConfiguration;
			baseConfigurationReference = 333F032581BEB37AC22D3077 /* Pods-Availly.release.xcconfig */;
			buildSettings = {
				ASSETCATALOG_COMPILER_APPICON_NAME = AppIcon;
				DEVELOPMENT_TEAM = 4XGWNN4LS9;
				FRAMEWORK_SEARCH_PATHS = (
					"$(inherited)",
					"$(PROJECT_DIR)/build/Debug-iphoneos/Bolts",
					"$(PROJECT_DIR)/build/Debug-iphoneos/FBSDKCoreKit",
					"$(PROJECT_DIR)/build/Debug-iphoneos/FBSDKLoginKit",
				);
				INFOPLIST_FILE = Availly/Info.plist;
				LD_RUNPATH_SEARCH_PATHS = "$(inherited) @executable_path/Frameworks";
				PRODUCT_BUNDLE_IDENTIFIER = com.DesignerJeans.Availly.dev;
				PRODUCT_NAME = "$(TARGET_NAME)";
				SWIFT_VERSION = 3.0;
			};
			name = Release;
		};
/* End XCBuildConfiguration section */

/* Begin XCConfigurationList section */
		FE6EF50C1DE619C9009576C4 /* Build configuration list for PBXProject "Availly" */ = {
			isa = XCConfigurationList;
			buildConfigurations = (
				FE6EF5211DE619C9009576C4 /* Debug */,
				FE6EF5221DE619C9009576C4 /* Release */,
			);
			defaultConfigurationIsVisible = 0;
			defaultConfigurationName = Release;
		};
		FE6EF5231DE619C9009576C4 /* Build configuration list for PBXNativeTarget "Availly-dev" */ = {
			isa = XCConfigurationList;
			buildConfigurations = (
				FE6EF5241DE619C9009576C4 /* Debug */,
				FE6EF5251DE619C9009576C4 /* Release */,
			);
			defaultConfigurationIsVisible = 0;
			defaultConfigurationName = Release;
		};
/* End XCConfigurationList section */
	};
	rootObject = FE6EF5091DE619C9009576C4 /* Project object */;
}
